// !$*UTF8*$!
{
	archiveVersion = 1;
	classes = {
	};
	objectVersion = 50;
	objects = {

/* Begin PBXBuildFile section */
		5F9AA80C24EF44EB005D761C /* AppDelegate.swift in Sources */ = {isa = PBXBuildFile; fileRef = 5F9AA80B24EF44EB005D761C /* AppDelegate.swift */; };
		5F9AA80E24EF44EB005D761C /* SceneDelegate.swift in Sources */ = {isa = PBXBuildFile; fileRef = 5F9AA80D24EF44EB005D761C /* SceneDelegate.swift */; };
		5F9AA81024EF44EB005D761C /* ViewController.swift in Sources */ = {isa = PBXBuildFile; fileRef = 5F9AA80F24EF44EB005D761C /* ViewController.swift */; };
		5F9AA81324EF44EB005D761C /* Main.storyboard in Resources */ = {isa = PBXBuildFile; fileRef = 5F9AA81124EF44EB005D761C /* Main.storyboard */; };
		5F9AA81524EF44F2005D761C /* Assets.xcassets in Resources */ = {isa = PBXBuildFile; fileRef = 5F9AA81424EF44F2005D761C /* Assets.xcassets */; };
		5F9AA81824EF44F2005D761C /* LaunchScreen.storyboard in Resources */ = {isa = PBXBuildFile; fileRef = 5F9AA81624EF44F2005D761C /* LaunchScreen.storyboard */; };
/* End PBXBuildFile section */

/* Begin PBXFileReference section */
		5F9AA80824EF44EB005D761C /* Part3-ReverseTheNumSigns.app */ = {isa = PBXFileReference; explicitFileType = wrapper.application; includeInIndex = 0; path = "Part3-ReverseTheNumSigns.app"; sourceTree = BUILT_PRODUCTS_DIR; };
		5F9AA80B24EF44EB005D761C /* AppDelegate.swift */ = {isa = PBXFileReference; lastKnownFileType = sourcecode.swift; path = AppDelegate.swift; sourceTree = "<group>"; };
		5F9AA80D24EF44EB005D761C /* SceneDelegate.swift */ = {isa = PBXFileReference; lastKnownFileType = sourcecode.swift; path = SceneDelegate.swift; sourceTree = "<group>"; };
		5F9AA80F24EF44EB005D761C /* ViewController.swift */ = {isa = PBXFileReference; lastKnownFileType = sourcecode.swift; path = ViewController.swift; sourceTree = "<group>"; };
		5F9AA81224EF44EB005D761C /* Base */ = {isa = PBXFileReference; lastKnownFileType = file.storyboard; name = Base; path = Base.lproj/Main.storyboard; sourceTree = "<group>"; };
		5F9AA81424EF44F2005D761C /* Assets.xcassets */ = {isa = PBXFileReference; lastKnownFileType = folder.assetcatalog; path = Assets.xcassets; sourceTree = "<group>"; };
		5F9AA81724EF44F2005D761C /* Base */ = {isa = PBXFileReference; lastKnownFileType = file.storyboard; name = Base; path = Base.lproj/LaunchScreen.storyboard; sourceTree = "<group>"; };
		5F9AA81924EF44F2005D761C /* Info.plist */ = {isa = PBXFileReference; lastKnownFileType = text.plist.xml; path = Info.plist; sourceTree = "<group>"; };
/* End PBXFileReference section */

/* Begin PBXFrameworksBuildPhase section */
		5F9AA80524EF44EB005D761C /* Frameworks */ = {
			isa = PBXFrameworksBuildPhase;
			buildActionMask = 2147483647;
			files = (
			);
			runOnlyForDeploymentPostprocessing = 0;
		};
/* End PBXFrameworksBuildPhase section */

/* Begin PBXGroup section */
		5F9AA7FF24EF44EB005D761C = {
			isa = PBXGroup;
			children = (
				5F9AA80A24EF44EB005D761C /* Part3-ReverseTheNumSigns */,
				5F9AA80924EF44EB005D761C /* Products */,
			);
			sourceTree = "<group>";
		};
		5F9AA80924EF44EB005D761C /* Products */ = {
			isa = PBXGroup;
			children = (
				5F9AA80824EF44EB005D761C /* Part3-ReverseTheNumSigns.app */,
			);
			name = Products;
			sourceTree = "<group>";
		};
		5F9AA80A24EF44EB005D761C /* Part3-ReverseTheNumSigns */ = {
			isa = PBXGroup;
			children = (
				5F9AA80B24EF44EB005D761C /* AppDelegate.swift */,
				5F9AA80D24EF44EB005D761C /* SceneDelegate.swift */,
				5F9AA80F24EF44EB005D761C /* ViewController.swift */,
				5F9AA81124EF44EB005D761C /* Main.storyboard */,
				5F9AA81424EF44F2005D761C /* Assets.xcassets */,
				5F9AA81624EF44F2005D761C /* LaunchScreen.storyboard */,
				5F9AA81924EF44F2005D761C /* Info.plist */,
			);
			path = "Part3-ReverseTheNumSigns";
			sourceTree = "<group>";
		};
/* End PBXGroup section */

/* Begin PBXNativeTarget section */
		5F9AA80724EF44EB005D761C /* Part3-ReverseTheNumSigns */ = {
			isa = PBXNativeTarget;
			buildConfigurationList = 5F9AA81C24EF44F2005D761C /* Build configuration list for PBXNativeTarget "Part3-ReverseTheNumSigns" */;
			buildPhases = (
				5F9AA80424EF44EB005D761C /* Sources */,
				5F9AA80524EF44EB005D761C /* Frameworks */,
				5F9AA80624EF44EB005D761C /* Resources */,
			);
			buildRules = (
			);
			dependencies = (
			);
			name = "Part3-ReverseTheNumSigns";
			productName = "Part3-ReverseTheNumSigns";
			productReference = 5F9AA80824EF44EB005D761C /* Part3-ReverseTheNumSigns.app */;
			productType = "com.apple.product-type.application";
		};
/* End PBXNativeTarget section */

/* Begin PBXProject section */
		5F9AA80024EF44EB005D761C /* Project object */ = {
			isa = PBXProject;
			attributes = {
				LastSwiftUpdateCheck = 1160;
				LastUpgradeCheck = 1160;
				ORGANIZATIONNAME = "Nonoka Yamamoto";
				TargetAttributes = {
					5F9AA80724EF44EB005D761C = {
						CreatedOnToolsVersion = 11.6;
					};
				};
			};
			buildConfigurationList = 5F9AA80324EF44EB005D761C /* Build configuration list for PBXProject "Part3-ReverseTheNumSigns" */;
			compatibilityVersion = "Xcode 9.3";
			developmentRegion = en;
			hasScannedForEncodings = 0;
			knownRegions = (
				en,
				Base,
			);
			mainGroup = 5F9AA7FF24EF44EB005D761C;
			productRefGroup = 5F9AA80924EF44EB005D761C /* Products */;
			projectDirPath = "";
			projectRoot = "";
			targets = (
				5F9AA80724EF44EB005D761C /* Part3-ReverseTheNumSigns */,
			);
		};
/* End PBXProject section */

/* Begin PBXResourcesBuildPhase section */
		5F9AA80624EF44EB005D761C /* Resources */ = {
			isa = PBXResourcesBuildPhase;
			buildActionMask = 2147483647;
			files = (
				5F9AA81824EF44F2005D761C /* LaunchScreen.storyboard in Resources */,
				5F9AA81524EF44F2005D761C /* Assets.xcassets in Resources */,
				5F9AA81324EF44EB005D761C /* Main.storyboard in Resources */,
			);
			runOnlyForDeploymentPostprocessing = 0;
		};
/* End PBXResourcesBuildPhase section */

/* Begin PBXSourcesBuildPhase section */
		5F9AA80424EF44EB005D761C /* Sources */ = {
			isa = PBXSourcesBuildPhase;
			buildActionMask = 2147483647;
			files = (
				5F9AA81024EF44EB005D761C /* ViewController.swift in Sources */,
				5F9AA80C24EF44EB005D761C /* AppDelegate.swift in Sources */,
				5F9AA80E24EF44EB005D761C /* SceneDelegate.swift in Sources */,
			);
			runOnlyForDeploymentPostprocessing = 0;
		};
/* End PBXSourcesBuildPhase section */

/* Begin PBXVariantGroup section */
		5F9AA81124EF44EB005D761C /* Main.storyboard */ = {
			isa = PBXVariantGroup;
			children = (
				5F9AA81224EF44EB005D761C /* Base */,
			);
			name = Main.storyboard;
			sourceTree = "<group>";
		};
		5F9AA81624EF44F2005D761C /* LaunchScreen.storyboard */ = {
			isa = PBXVariantGroup;
			children = (
				5F9AA81724EF44F2005D761C /* Base */,
			);
			name = LaunchScreen.storyboard;
			sourceTree = "<group>";
		};
/* End PBXVariantGroup section */

/* Begin XCBuildConfiguration section */
		5F9AA81A24EF44F2005D761C /* Debug */ = {
			isa = XCBuildConfiguration;
			buildSettings = {
				ALWAYS_SEARCH_USER_PATHS = NO;
				CLANG_ANALYZER_NONNULL = YES;
				CLANG_ANALYZER_NUMBER_OBJECT_CONVERSION = YES_AGGRESSIVE;
				CLANG_CXX_LANGUAGE_STANDARD = "gnu++14";
				CLANG_CXX_LIBRARY = "libc++";
				CLANG_ENABLE_MODULES = YES;
				CLANG_ENABLE_OBJC_ARC = YES;
				CLANG_ENABLE_OBJC_WEAK = YES;
				CLANG_WARN_BLOCK_CAPTURE_AUTORELEASING = YES;
				CLANG_WARN_BOOL_CONVERSION = YES;
				CLANG_WARN_COMMA = YES;
				CLANG_WARN_CONSTANT_CONVERSION = YES;
				CLANG_WARN_DEPRECATED_OBJC_IMPLEMENTATIONS = YES;
				CLANG_WARN_DIRECT_OBJC_ISA_USAGE = YES_ERROR;
				CLANG_WARN_DOCUMENTATION_COMMENTS = YES;
				CLANG_WARN_EMPTY_BODY = YES;
				CLANG_WARN_ENUM_CONVERSION = YES;
				CLANG_WARN_INFINITE_RECURSION = YES;
				CLANG_WARN_INT_CONVERSION = YES;
				CLANG_WARN_NON_LITERAL_NULL_CONVERSION = YES;
				CLANG_WARN_OBJC_IMPLICIT_RETAIN_SELF = YES;
				CLANG_WARN_OBJC_LITERAL_CONVERSION = YES;
				CLANG_WARN_OBJC_ROOT_CLASS = YES_ERROR;
				CLANG_WARN_RANGE_LOOP_ANALYSIS = YES;
				CLANG_WARN_STRICT_PROTOTYPES = YES;
				CLANG_WARN_SUSPICIOUS_MOVE = YES;
				CLANG_WARN_UNGUARDED_AVAILABILITY = YES_AGGRESSIVE;
				CLANG_WARN_UNREACHABLE_CODE = YES;
				CLANG_WARN__DUPLICATE_METHOD_MATCH = YES;
				COPY_PHASE_STRIP = NO;
				DEBUG_INFORMATION_FORMAT = dwarf;
				ENABLE_STRICT_OBJC_MSGSEND = YES;
				ENABLE_TESTABILITY = YES;
				GCC_C_LANGUAGE_STANDARD = gnu11;
				GCC_DYNAMIC_NO_PIC = NO;
				GCC_NO_COMMON_BLOCKS = YES;
				GCC_OPTIMIZATION_LEVEL = 0;
				GCC_PREPROCESSOR_DEFINITIONS = (
					"DEBUG=1",
					"$(inherited)",
				);
				GCC_WARN_64_TO_32_BIT_CONVERSION = YES;
				GCC_WARN_ABOUT_RETURN_TYPE = YES_ERROR;
				GCC_WARN_UNDECLARED_SELECTOR = YES;
				GCC_WARN_UNINITIALIZED_AUTOS = YES_AGGRESSIVE;
				GCC_WARN_UNUSED_FUNCTION = YES;
				GCC_WARN_UNUSED_VARIABLE = YES;
				IPHONEOS_DEPLOYMENT_TARGET = 13.6;
				MTL_ENABLE_DEBUG_INFO = INCLUDE_SOURCE;
				MTL_FAST_MATH = YES;
				ONLY_ACTIVE_ARCH = YES;
				SDKROOT = iphoneos;
				SWIFT_ACTIVE_COMPILATION_CONDITIONS = DEBUG;
				SWIFT_OPTIMIZATION_LEVEL = "-Onone";
			};
			name = Debug;
		};
		5F9AA81B24EF44F2005D761C /* Release */ = {
			isa = XCBuildConfiguration;
			buildSettings = {
				ALWAYS_SEARCH_USER_PATHS = NO;
				CLANG_ANALYZER_NONNULL = YES;
				CLANG_ANALYZER_NUMBER_OBJECT_CONVERSION = YES_AGGRESSIVE;
				CLANG_CXX_LANGUAGE_STANDARD = "gnu++14";
				CLANG_CXX_LIBRARY = "libc++";
				CLANG_ENABLE_MODULES = YES;
				CLANG_ENABLE_OBJC_ARC = YES;
				CLANG_ENABLE_OBJC_WEAK = YES;
				CLANG_WARN_BLOCK_CAPTURE_AUTORELEASING = YES;
				CLANG_WARN_BOOL_CONVERSION = YES;
				CLANG_WARN_COMMA = YES;
				CLANG_WARN_CONSTANT_CONVERSION = YES;
				CLANG_WARN_DEPRECATED_OBJC_IMPLEMENTATIONS = YES;
				CLANG_WARN_DIRECT_OBJC_ISA_USAGE = YES_ERROR;
				CLANG_WARN_DOCUMENTATION_COMMENTS = YES;
				CLANG_WARN_EMPTY_BODY = YES;
				CLANG_WARN_ENUM_CONVERSION = YES;
				CLANG_WARN_INFINITE_RECURSION = YES;
				CLANG_WARN_INT_CONVERSION = YES;
				CLANG_WARN_NON_LITERAL_NULL_CONVERSION = YES;
				CLANG_WARN_OBJC_IMPLICIT_RETAIN_SELF = YES;
				CLANG_WARN_OBJC_LITERAL_CONVERSION = YES;
				CLANG_WARN_OBJC_ROOT_CLASS = YES_ERROR;
				CLANG_WARN_RANGE_LOOP_ANALYSIS = YES;
				CLANG_WARN_STRICT_PROTOTYPES = YES;
				CLANG_WARN_SUSPICIOUS_MOVE = YES;
				CLANG_WARN_UNGUARDED_AVAILABILITY = YES_AGGRESSIVE;
				CLANG_WARN_UNREACHABLE_CODE = YES;
				CLANG_WARN__DUPLICATE_METHOD_MATCH = YES;
				COPY_PHASE_STRIP = NO;
				DEBUG_INFORMATION_FORMAT = "dwarf-with-dsym";
				ENABLE_NS_ASSERTIONS = NO;
				ENABLE_STRICT_OBJC_MSGSEND = YES;
				GCC_C_LANGUAGE_STANDARD = gnu11;
				GCC_NO_COMMON_BLOCKS = YES;
				GCC_WARN_64_TO_32_BIT_CONVERSION = YES;
				GCC_WARN_ABOUT_RETURN_TYPE = YES_ERROR;
				GCC_WARN_UNDECLARED_SELECTOR = YES;
				GCC_WARN_UNINITIALIZED_AUTOS = YES_AGGRESSIVE;
				GCC_WARN_UNUSED_FUNCTION = YES;
				GCC_WARN_UNUSED_VARIABLE = YES;
				IPHONEOS_DEPLOYMENT_TARGET = 13.6;
				MTL_ENABLE_DEBUG_INFO = NO;
				MTL_FAST_MATH = YES;
				SDKROOT = iphoneos;
				SWIFT_COMPILATION_MODE = wholemodule;
				SWIFT_OPTIMIZATION_LEVEL = "-O";
				VALIDATE_PRODUCT = YES;
			};
			name = Release;
		};
		5F9AA81D24EF44F2005D761C /* Debug */ = {
			isa = XCBuildConfiguration;
			buildSettings = {
				ASSETCATALOG_COMPILER_APPICON_NAME = AppIcon;
				CODE_SIGN_STYLE = Automatic;
				DEVELOPMENT_TEAM = 65Z4MKYS28;
				INFOPLIST_FILE = "Part3-ReverseTheNumSigns/Info.plist";
				LD_RUNPATH_SEARCH_PATHS = (
					"$(inherited)",
					"@executable_path/Frameworks",
				);
				PRODUCT_BUNDLE_IDENTIFIER = "com.Nonoka.Part3-ReverseTheNumSigns";
				PRODUCT_NAME = "$(TARGET_NAME)";
				SWIFT_VERSION = 5.0;
				TARGETED_DEVICE_FAMILY = "1,2";
			};
			name = Debug;
		};
		5F9AA81E24EF44F2005D761C /* Release */ = {
			isa = XCBuildConfiguration;
			buildSettings = {
				ASSETCATALOG_COMPILER_APPICON_NAME = AppIcon;
				CODE_SIGN_STYLE = Automatic;
				DEVELOPMENT_TEAM = 65Z4MKYS28;
				INFOPLIST_FILE = "Part3-ReverseTheNumSigns/Info.plist";
				LD_RUNPATH_SEARCH_PATHS = (
					"$(inherited)",
					"@executable_path/Frameworks",
				);
				PRODUCT_BUNDLE_IDENTIFIER = "com.Nonoka.Part3-ReverseTheNumSigns";
				PRODUCT_NAME = "$(TARGET_NAME)";
				SWIFT_VERSION = 5.0;
				TARGETED_DEVICE_FAMILY = "1,2";
			};
			name = Release;
		};
/* End XCBuildConfiguration section */

/* Begin XCConfigurationList section */
		5F9AA80324EF44EB005D761C /* Build configuration list for PBXProject "Part3-ReverseTheNumSigns" */ = {
			isa = XCConfigurationList;
			buildConfigurations = (
				5F9AA81A24EF44F2005D761C /* Debug */,
				5F9AA81B24EF44F2005D761C /* Release */,
			);
			defaultConfigurationIsVisible = 0;
			defaultConfigurationName = Release;
		};
		5F9AA81C24EF44F2005D761C /* Build configuration list for PBXNativeTarget "Part3-ReverseTheNumSigns" */ = {
			isa = XCConfigurationList;
			buildConfigurations = (
				5F9AA81D24EF44F2005D761C /* Debug */,
				5F9AA81E24EF44F2005D761C /* Release */,
			);
			defaultConfigurationIsVisible = 0;
			defaultConfigurationName = Release;
		};
/* End XCConfigurationList section */
	};
	rootObject = 5F9AA80024EF44EB005D761C /* Project object */;
}
